<?xml version="1.0" encoding="utf-8"?>
<Project ToolsVersion="4.0" xmlns="http://schemas.microsoft.com/developer/msbuild/2003">
  <ItemGroup>
    <Filter Include="源文件">
      <UniqueIdentifier>{4FC737F1-C7A5-4376-A066-2A32D752A2FF}</UniqueIdentifier>
      <Extensions>cpp;c;cc;cxx;c++;cppm;ixx;def;odl;idl;hpj;bat;asm;asmx</Extensions>
    </Filter>
    <Filter Include="头文件">
      <UniqueIdentifier>{93995380-89BD-4b04-88EB-625FBE52EBFB}</UniqueIdentifier>
      <Extensions>h;hh;hpp;hxx;h++;hm;inl;inc;ipp;xsd</Extensions>
    </Filter>
    <Filter Include="资源文件">
      <UniqueIdentifier>{67DA6AB6-F800-4c08-8B7A-83BB121AAD01}</UniqueIdentifier>
      <Extensions>rc;ico;cur;bmp;dlg;rc2;rct;bin;rgs;gif;jpg;jpeg;jpe;resx;tiff;tif;png;wav;mfcribbon-ms</Extensions>
    </Filter>
    <Filter Include="Common">
      <UniqueIdentifier>{2257a390-6bba-47cf-a68f-e77db325009d}</UniqueIdentifier>
    </Filter>
    <Filter Include="TcpSession">
      <UniqueIdentifier>{82954666-d440-4edb-ae09-f879f98ed704}</UniqueIdentifier>
    </Filter>
    <Filter Include="Message">
      <UniqueIdentifier>{3594c632-c0d1-40e3-92a1-47bab8193a50}</UniqueIdentifier>
    </Filter>
    <Filter Include="UdpSession">
      <UniqueIdentifier>{4629095e-4ef2-4da1-8bc2-48fe9d5b531e}</UniqueIdentifier>
    </Filter>
    <Filter Include="TTySession">
      <UniqueIdentifier>{bc12e155-3ff1-4110-9f58-2134d25f17d0}</UniqueIdentifier>
    </Filter>
    <Filter Include="config">
      <UniqueIdentifier>{166dadcd-947f-4891-9682-fdd7d5eaba21}</UniqueIdentifier>
    </Filter>
    <Filter Include="QueueSession">
      <UniqueIdentifier>{26f16588-2b0c-4161-a067-7149048db0ab}</UniqueIdentifier>
    </Filter>
  </ItemGroup>
  <ItemGroup>
    <ClCompile Include="PSS_ASIO.cpp">
      <Filter>源文件</Filter>
    </ClCompile>
    <ClCompile Include="TcpSession\TcpServer.cpp">
      <Filter>TcpSession</Filter>
    </ClCompile>
    <ClCompile Include="TcpSession\TcpSession.cpp">
      <Filter>TcpSession</Filter>
    </ClCompile>
    <ClCompile Include="Message\LoadPacketParse.cpp">
      <Filter>Message</Filter>
    </ClCompile>
    <ClCompile Include="UdpSession\UdpServer.cpp">
      <Filter>UdpSession</Filter>
    </ClCompile>
    <ClCompile Include="Common\ConnectCounter.cpp">
      <Filter>Common</Filter>
    </ClCompile>
    <ClCompile Include="TTySession\TtyServer.cpp">
      <Filter>TTySession</Filter>
    </ClCompile>
    <ClCompile Include="Message\LoadModule.cpp">
      <Filter>Message</Filter>
    </ClCompile>
    <ClCompile Include="Message\ModuleInterfalce.cpp">
      <Filter>Message</Filter>
    </ClCompile>
    <ClCompile Include="Message\ModuleLogic.cpp">
      <Filter>Message</Filter>
    </ClCompile>
    <ClCompile Include="Common\ServerService.cpp">
      <Filter>Common</Filter>
    </ClCompile>
    <ClCompile Include="TcpSession\TcpClientSession.cpp">
      <Filter>TcpSession</Filter>
    </ClCompile>
    <ClCompile Include="UdpSession\UdpClientSession.cpp">
      <Filter>UdpSession</Filter>
    </ClCompile>
    <ClCompile Include="Common\CommunicationService.cpp">
      <Filter>Common</Filter>
    </ClCompile>
    <ClCompile Include="Common\serverconfig.cpp">
      <Filter>Common</Filter>
    </ClCompile>
    <ClCompile Include="Message\SessionInterface.cpp">
      <Filter>Message</Filter>
    </ClCompile>
    <ClCompile Include="Message\SessionService.cpp">
      <Filter>Message</Filter>
    </ClCompile>
    <ClCompile Include="Message\IotoIo.cpp">
      <Filter>Message</Filter>
    </ClCompile>
    <ClCompile Include="TcpSession\TcpSSLServer.cpp">
      <Filter>TcpSession</Filter>
    </ClCompile>
    <ClCompile Include="TcpSession\TcpSSLSession.cpp">
      <Filter>TcpSession</Filter>
    </ClCompile>
    <ClCompile Include="TcpSession\TcpSSLClientSession.cpp">
      <Filter>TcpSession</Filter>
    </ClCompile>
    <ClCompile Include="QueueSession\Queueservice.cpp">
      <Filter>QueueSession</Filter>
    </ClCompile>
    <ClCompile Include="UdpSession\KcpServer.cpp">
      <Filter>UdpSession</Filter>
    </ClCompile>
    <ClCompile Include="..\third_include\kcp\ikcp.c">
      <Filter>Common</Filter>
    </ClCompile>
    <ClCompile Include="Message\Iobridge.cpp">
      <Filter>Message</Filter>
    </ClCompile>
    <ClCompile Include="Common\IoContextPool.cpp">
      <Filter>Common</Filter>
    </ClCompile>
    <ClCompile Include="Common\NetSvrManager.cpp">
      <Filter>Common</Filter>
    </ClCompile>
    <ClCompile Include="Message\SessionAddrList.cpp">
      <Filter>Message</Filter>
    </ClCompile>
  </ItemGroup>
  <ItemGroup>
    <ClInclude Include="TcpSession\TcpServer.h">
      <Filter>TcpSession</Filter>
    </ClInclude>
    <ClInclude Include="TcpSession\TcpSession.h">
      <Filter>TcpSession</Filter>
    </ClInclude>
    <ClInclude Include="Message\LoadPacketParse.h">
      <Filter>Message</Filter>
    </ClInclude>
    <ClInclude Include="..\Common\define.h">
      <Filter>Common</Filter>
    </ClInclude>
    <ClInclude Include="..\Common\LoadLibrary.hpp">
      <Filter>Common</Filter>
    </ClInclude>
    <ClInclude Include="..\Common\SessionBuffer.hpp">
      <Filter>Common</Filter>
    </ClInclude>
    <ClInclude Include="..\Common\singleton.h">
      <Filter>Common</Filter>
    </ClInclude>
    <ClInclude Include="..\Common\ThreadQueue.h">
      <Filter>Common</Filter>
    </ClInclude>
    <ClInclude Include="..\Common\TimerManager.hpp">
      <Filter>Common</Filter>
    </ClInclude>
    <ClInclude Include="..\Common\TimeStamp.hpp">
      <Filter>Common</Filter>
    </ClInclude>
    <ClInclude Include="..\Common\tms.hpp">
      <Filter>Common</Filter>
    </ClInclude>
    <ClInclude Include="UdpSession\UdpServer.h">
      <Filter>UdpSession</Filter>
    </ClInclude>
    <ClInclude Include="Common\ConnectCounter.h">
      <Filter>Common</Filter>
    </ClInclude>
    <ClInclude Include="Common\SendBuffer.h">
      <Filter>Common</Filter>
    </ClInclude>
    <ClInclude Include="TTySession\TtyServer.h">
      <Filter>TTySession</Filter>
    </ClInclude>
    <ClInclude Include="Message\LoadModule.h">
      <Filter>Message</Filter>
    </ClInclude>
    <ClInclude Include="..\Common\IFrameObject.h">
      <Filter>Common</Filter>
    </ClInclude>
    <ClInclude Include="Common\ISession.h">
      <Filter>Common</Filter>
    </ClInclude>
    <ClInclude Include="Message\ModuleInterfalce.h">
      <Filter>Message</Filter>
    </ClInclude>
    <ClInclude Include="Common\FrameObject.hpp">
      <Filter>Common</Filter>
    </ClInclude>
    <ClInclude Include="Message\ModuleLogic.h">
      <Filter>Message</Filter>
    </ClInclude>
    <ClInclude Include="Common\ServerService.h">
      <Filter>Common</Filter>
    </ClInclude>
    <ClInclude Include="TcpSession\TcpClientSession.h">
      <Filter>TcpSession</Filter>
    </ClInclude>
    <ClInclude Include="UdpSession\UdpClientSession.h">
      <Filter>UdpSession</Filter>
    </ClInclude>
    <ClInclude Include="Common\CommunicationService.h">
      <Filter>Common</Filter>
    </ClInclude>
    <ClInclude Include="Common\CoreTimer.hpp">
      <Filter>Common</Filter>
    </ClInclude>
    <ClInclude Include="Common\serverconfig.h">
      <Filter>Common</Filter>
    </ClInclude>
    <ClInclude Include="Common\serverconfigtype.h">
      <Filter>Common</Filter>
    </ClInclude>
    <ClInclude Include="Common\ICommunicationService.h">
      <Filter>Common</Filter>
    </ClInclude>
    <ClInclude Include="..\Common\ISessionService.h">
      <Filter>Common</Filter>
    </ClInclude>
    <ClInclude Include="Message\SessionService.h">
      <Filter>Message</Filter>
    </ClInclude>
    <ClInclude Include="Message\SessionInterface.h">
      <Filter>Message</Filter>
    </ClInclude>
    <ClInclude Include="Message\IotoIo.h">
      <Filter>Message</Filter>
    </ClInclude>
    <ClInclude Include="..\Common\ReadBuffer.hpp">
      <Filter>Common</Filter>
    </ClInclude>
    <ClInclude Include="..\Common\WriteBuffer.hpp">
      <Filter>Common</Filter>
    </ClInclude>
    <ClInclude Include="TcpSession\TcpSSLServer.h">
      <Filter>TcpSession</Filter>
    </ClInclude>
    <ClInclude Include="TcpSession\TcpSSLSession.h">
      <Filter>TcpSession</Filter>
    </ClInclude>
    <ClInclude Include="TcpSession\TcpSSLClientSession.h">
      <Filter>TcpSession</Filter>
    </ClInclude>
    <ClInclude Include="..\Common\ring_buffer.hpp">
      <Filter>头文件</Filter>
    </ClInclude>
    <ClInclude Include="..\Common\PerformanceCheck.hpp">
      <Filter>Common</Filter>
    </ClInclude>
    <ClInclude Include="QueueSession\QueueService.h">
      <Filter>QueueSession</Filter>
    </ClInclude>
    <ClInclude Include="UdpSession\KcpServer.h">
      <Filter>UdpSession</Filter>
    </ClInclude>
    <ClInclude Include="..\third_include\kcp\ikcp.h">
      <Filter>Common</Filter>
    </ClInclude>
    <ClInclude Include="..\Common\IIoBridge.hpp">
      <Filter>Common</Filter>
    </ClInclude>
    <ClInclude Include="Message\Iobridge.h">
      <Filter>Message</Filter>
    </ClInclude>
    <ClInclude Include="Common\NetSvrManager.h">
      <Filter>Common</Filter>
    </ClInclude>
    <ClInclude Include="Common\IoListManager.h">
      <Filter>Common</Filter>
    </ClInclude>
    <ClInclude Include="Common\IoNetServer.h">
      <Filter>Common</Filter>
    </ClInclude>
    <ClInclude Include="Common\IoContextPool.h">
      <Filter>Common</Filter>
    </ClInclude>
    <ClInclude Include="..\Common\consoleoutput.hpp">
      <Filter>Common</Filter>
    </ClInclude>
    <ClInclude Include="Message\SessionAddrList.h">
      <Filter>Message</Filter>
    </ClInclude>
  </ItemGroup>
  <ItemGroup>
    <None Include="..\Build\Windows\server_config.json">
      <Filter>config</Filter>
    </None>
  </ItemGroup>
</Project>